{
  "requires": true,
  "lockfileVersion": 1,
  "dependencies": {
    "@moefe/vue-aplayer": {
      "version": "2.0.0-beta.5",
      "resolved": "https://registry.npm.taobao.org/@moefe/vue-aplayer/download/@moefe/vue-aplayer-2.0.0-beta.5.tgz",
      "integrity": "sha1-9rvRgCVi6OMO+RBhkgCKkL7So1Q=",
      "requires": {
        "vue": "^2.5.17"
      }
    },
    "vue": {
      "version": "2.6.10",
      "resolved": "https://registry.npm.taobao.org/vue/download/vue-2.6.10.tgz",
      "integrity": "sha1-pysaQqTYKnIepDjRtr9V5mGVxjc="
    }
  }
}
